
Microsoft Visual Studio Solution File, Format Version 12.00
# Visual Studio 14
VisualStudioVersion = 14.0.25420.1
MinimumVisualStudioVersion = 10.0.40219.1
Project("{FAE04EC0-301F-11D3-BF4B-00C04F79EFBC}") = "SchoolSystem", "SchoolSystem\SchoolSystem.csproj", "{59001284-6E96-45E6-A4F9-34C1DEA0E8EE}"
EndProject
Project("{FAE04EC0-301F-11D3-BF4B-00C04F79EFBC}") = "SchoolSystem.Tests", "SchoolSystem.Tests\SchoolSystem.Tests.csproj", "{B85F53A5-2FAB-4974-AF77-678D675ADE7F}"
EndProject
Global
	GlobalSection(SolutionConfigurationPlatforms) = preSolution
		Debug|Any CPU = Debug|Any CPU
		Release|Any CPU = Release|Any CPU
	EndGlobalSection
	GlobalSection(ProjectConfigurationPlatforms) = postSolution
		{59001284-6E96-45E6-A4F9-34C1DEA0E8EE}.Debug|Any CPU.ActiveCfg = Debug|Any CPU
		{59001284-6E96-45E6-A4F9-34C1DEA0E8EE}.Debug|Any CPU.Build.0 = Debug|Any CPU
		{59001284-6E96-45E6-A4F9-34C1DEA0E8EE}.Release|Any CPU.ActiveCfg = Release|Any CPU
		{59001284-6E96-45E6-A4F9-34C1DEA0E8EE}.Release|Any CPU.Build.0 = Release|Any CPU
		{B85F53A5-2FAB-4974-AF77-678D675ADE7F}.Debug|Any CPU.ActiveCfg = Debug|Any CPU
		{B85F53A5-2FAB-4974-AF77-678D675ADE7F}.Debug|Any CPU.Build.0 = Debug|Any CPU
		{B85F53A5-2FAB-4974-AF77-678D675ADE7F}.Release|Any CPU.ActiveCfg = Release|Any CPU
		{B85F53A5-2FAB-4974-AF77-678D675ADE7F}.Release|Any CPU.Build.0 = Release|Any CPU
	EndGlobalSection
	GlobalSection(SolutionProperties) = preSolution
		HideSolutionNode = FALSE
	EndGlobalSection
EndGlobal
